
Microsoft Visual Studio Solution File, Format Version 12.00
# Visual Studio 2013
VisualStudioVersion = 12.0.30501.0
MinimumVisualStudioVersion = 10.0.40219.1
Project("{FAE04EC0-301F-11D3-BF4B-00C04F79EFBC}") = "RashahlyKtab", "RashahlyKtab\RashahlyKtab.csproj", "{8949FB4A-3012-4DF0-A61C-B759DEFC59CD}"
EndProject
Project("{2150E333-8FDC-42A3-9474-1A3956D46DE8}") = "PublishScripts", "PublishScripts", "{B32CF2C3-9D34-4D4B-92CA-995D15417AF1}"
	ProjectSection(SolutionItems) = preProject
		PublishScripts\AzureWebsitePublishModule.psm1 = PublishScripts\AzureWebsitePublishModule.psm1
		PublishScripts\Publish-WebApplicationWebsite.ps1 = PublishScripts\Publish-WebApplicationWebsite.ps1
	EndProjectSection
EndProject
Project("{2150E333-8FDC-42A3-9474-1A3956D46DE8}") = "Configurations", "Configurations", "{D65D27C5-B44A-453B-98E2-61713821BE53}"
	ProjectSection(SolutionItems) = preProject
		PublishScripts\Configurations\RashahlyKtab-WAWS-dev.json = PublishScripts\Configurations\RashahlyKtab-WAWS-dev.json
	EndProjectSection
EndProject
Global
	GlobalSection(SolutionConfigurationPlatforms) = preSolution
		Debug|Any CPU = Debug|Any CPU
		Release|Any CPU = Release|Any CPU
	EndGlobalSection
	GlobalSection(ProjectConfigurationPlatforms) = postSolution
		{8949FB4A-3012-4DF0-A61C-B759DEFC59CD}.Debug|Any CPU.ActiveCfg = Debug|Any CPU
		{8949FB4A-3012-4DF0-A61C-B759DEFC59CD}.Debug|Any CPU.Build.0 = Debug|Any CPU
		{8949FB4A-3012-4DF0-A61C-B759DEFC59CD}.Release|Any CPU.ActiveCfg = Release|Any CPU
		{8949FB4A-3012-4DF0-A61C-B759DEFC59CD}.Release|Any CPU.Build.0 = Release|Any CPU
	EndGlobalSection
	GlobalSection(SolutionProperties) = preSolution
		HideSolutionNode = FALSE
	EndGlobalSection
	GlobalSection(NestedProjects) = preSolution
		{D65D27C5-B44A-453B-98E2-61713821BE53} = {B32CF2C3-9D34-4D4B-92CA-995D15417AF1}
	EndGlobalSection
EndGlobal
