
Microsoft Visual Studio Solution File, Format Version 12.00
# Visual Studio Express 2013 for Web
VisualStudioVersion = 12.0.30723.0
MinimumVisualStudioVersion = 10.0.40219.1
Project("{FAE04EC0-301F-11D3-BF4B-00C04F79EFBC}") = "GeekQuiz", "GeekQuiz\GeekQuiz.csproj", "{E465AD5C-EE1B-4608-B3D4-C39B2403ED4C}"
EndProject
Global
	GlobalSection(SolutionConfigurationPlatforms) = preSolution
		Debug|Any CPU = Debug|Any CPU
		Release|Any CPU = Release|Any CPU
	EndGlobalSection
	GlobalSection(ProjectConfigurationPlatforms) = postSolution
		{E465AD5C-EE1B-4608-B3D4-C39B2403ED4C}.Debug|Any CPU.ActiveCfg = Debug|Any CPU
		{E465AD5C-EE1B-4608-B3D4-C39B2403ED4C}.Debug|Any CPU.Build.0 = Debug|Any CPU
		{E465AD5C-EE1B-4608-B3D4-C39B2403ED4C}.Release|Any CPU.ActiveCfg = Release|Any CPU
		{E465AD5C-EE1B-4608-B3D4-C39B2403ED4C}.Release|Any CPU.Build.0 = Release|Any CPU
	EndGlobalSection
	GlobalSection(SolutionProperties) = preSolution
		HideSolutionNode = FALSE
	EndGlobalSection
EndGlobal
